Microsoft Visual Studio Solution File, Format Version 11.00
# Visual Studio 2008

Project("{97FBC27C-AE69-FD9D-0629-5CE611405A42}") = "TopDowner", "Assembly-CSharp-firstpass.csproj", "{AE3F4F7D-20C3-922C-D98A-B5B3930DD1AE}"
EndProject
Project("{97FBC27C-AE69-FD9D-0629-5CE611405A42}") = "TopDowner", "Assembly-CSharp.csproj", "{E505689C-1B26-4B11-66F7-A47A4B959690}"
EndProject
Project("{97FBC27C-AE69-FD9D-0629-5CE611405A42}") = "TopDowner", "Assembly-CSharp-Editor.csproj", "{7C36FD34-F399-AA61-F420-ACB96771035A}"
EndProject
Global
	GlobalSection(SolutionConfigurationPlatforms) = preSolution
		Debug|Any CPU = Debug|Any CPU
		Release|Any CPU = Release|Any CPU
	EndGlobalSection
	GlobalSection(ProjectConfigurationPlatforms) = postSolution
		{AE3F4F7D-20C3-922C-D98A-B5B3930DD1AE}.Debug|Any CPU.ActiveCfg = Debug|Any CPU
		{AE3F4F7D-20C3-922C-D98A-B5B3930DD1AE}.Debug|Any CPU.Build.0 = Debug|Any CPU
		{AE3F4F7D-20C3-922C-D98A-B5B3930DD1AE}.Release|Any CPU.ActiveCfg = Release|Any CPU
		{AE3F4F7D-20C3-922C-D98A-B5B3930DD1AE}.Release|Any CPU.Build.0 = Release|Any CPU
		{E505689C-1B26-4B11-66F7-A47A4B959690}.Debug|Any CPU.ActiveCfg = Debug|Any CPU
		{E505689C-1B26-4B11-66F7-A47A4B959690}.Debug|Any CPU.Build.0 = Debug|Any CPU
		{E505689C-1B26-4B11-66F7-A47A4B959690}.Release|Any CPU.ActiveCfg = Release|Any CPU
		{E505689C-1B26-4B11-66F7-A47A4B959690}.Release|Any CPU.Build.0 = Release|Any CPU
		{7C36FD34-F399-AA61-F420-ACB96771035A}.Debug|Any CPU.ActiveCfg = Debug|Any CPU
		{7C36FD34-F399-AA61-F420-ACB96771035A}.Debug|Any CPU.Build.0 = Debug|Any CPU
		{7C36FD34-F399-AA61-F420-ACB96771035A}.Release|Any CPU.ActiveCfg = Release|Any CPU
		{7C36FD34-F399-AA61-F420-ACB96771035A}.Release|Any CPU.Build.0 = Release|Any CPU
	EndGlobalSection
	GlobalSection(SolutionProperties) = preSolution
		HideSolutionNode = FALSE
	EndGlobalSection
																																																																				GlobalSection(MonoDevelopProperties) = preSolution
=======
<<<<<<< HEAD
																																																											GlobalSection(MonoDevelopProperties) = preSolution
=======
																																																																GlobalSection(MonoDevelopProperties) = preSolution
>>>>>>> 9b4bb5b5333f802ac2d82044bafc564a2a9850f1
>>>>>>> c840851f022db39ae6bad66a32384a3c86acb688
		StartupItem = Assembly-CSharp.csproj
		Policies = $0
		$0.TextStylePolicy = $1
		$1.inheritsSet = null
		$1.scope = text/x-csharp
		$0.CSharpFormattingPolicy = $2
		$2.inheritsSet = Mono
		$2.inheritsScope = text/x-csharp
		$2.scope = text/x-csharp
		$0.TextStylePolicy = $3
		$3.FileWidth = 120
		$3.TabWidth = 4
		$3.IndentWidth = 4
		$3.EolMarker = Unix
		$3.inheritsSet = Mono
		$3.inheritsScope = text/plain
		$3.scope = text/plain
	EndGlobalSection

EndGlobal
